
Microsoft Visual Studio Solution File, Format Version 12.00
# Visual Studio Version 16
VisualStudioVersion = 16.0.32002.261
MinimumVisualStudioVersion = 10.0.40219.1
Project("{8BC9CEB8-8B4A-11D0-8D11-00A0C91BC942}") = "ExampleApplication", "Projects\ExampleApplication\ExampleApplication.vcxproj", "{090AF0D3-7859-487C-A27B-5C0FD45817D1}"
EndProject
Global
	GlobalSection(SolutionConfigurationPlatforms) = preSolution
		Debug|x64 = Debug|x64
		Release|x64 = Release|x64
	EndGlobalSection
	GlobalSection(ProjectConfigurationPlatforms) = postSolution
		{090AF0D3-7859-487C-A27B-5C0FD45817D1}.Debug|x64.ActiveCfg = Debug|x64
		{090AF0D3-7859-487C-A27B-5C0FD45817D1}.Debug|x64.Build.0 = Debug|x64
		{090AF0D3-7859-487C-A27B-5C0FD45817D1}.Release|x64.ActiveCfg = Release|x64
		{090AF0D3-7859-487C-A27B-5C0FD45817D1}.Release|x64.Build.0 = Release|x64
	EndGlobalSection
	GlobalSection(SolutionProperties) = preSolution
		HideSolutionNode = FALSE
	EndGlobalSection
	GlobalSection(ExtensibilityGlobals) = postSolution
		SolutionGuid = {699A05FA-A003-4583-9001-36278E17D935}
	EndGlobalSection
EndGlobal
