
Microsoft Visual Studio Solution File, Format Version 12.00
# Visual Studio Version 16
VisualStudioVersion = 16.0.32002.261
MinimumVisualStudioVersion = 10.0.40219.1
Project("{2150E333-8FDC-42A3-9474-1A3956D46DE8}") = "MSBuild", "MSBuild", "{9AA450C1-CFDD-4D68-9FA9-E6EC71C4E0CF}"
	ProjectSection(SolutionItems) = preProject
		Projects\MSBuild\Common.Cpp.props = Projects\MSBuild\Common.Cpp.props
		Projects\Directory.Build.props = Projects\Directory.Build.props
		Projects\MSBuild\External.FBX.Cpp.props = Projects\MSBuild\External.FBX.Cpp.props
		Projects\MSBuild\External.GLM.Cpp.props = Projects\MSBuild\External.GLM.Cpp.props
		Projects\MSBuild\External.ImGui.Cpp.props = Projects\MSBuild\External.ImGui.Cpp.props
		Projects\MSBuild\External.RenderDoc.Cpp.props = Projects\MSBuild\External.RenderDoc.Cpp.props
		Projects\MSBuild\External.STB.Cpp.props = Projects\MSBuild\External.STB.Cpp.props
		Projects\MSBuild\External.Vulkan.Cpp.props = Projects\MSBuild\External.Vulkan.Cpp.props
	EndProjectSection
EndProject
Project("{8BC9CEB8-8B4A-11D0-8D11-00A0C91BC942}") = "Framework", "Projects\Framework\Framework.vcxproj", "{D218DA91-BCF5-4B11-879F-E48266371625}"
EndProject
Project("{8BC9CEB8-8B4A-11D0-8D11-00A0C91BC942}") = "App.imgui", "Projects\App.imgui\App.imgui.vcxproj", "{090AF0D3-7859-487C-A27B-5C0FD45817D1}"
EndProject
Project("{8BC9CEB8-8B4A-11D0-8D11-00A0C91BC942}") = "Framework.UnitTest", "Projects\Framework.UnitTest\Framework.UnitTest.vcxproj", "{EE338365-8E41-41C2-861B-B202AFA379BE}"
EndProject
Project("{8BC9CEB8-8B4A-11D0-8D11-00A0C91BC942}") = "App.kokoromi", "Projects\App.kokoromi\App.kokoromi.vcxproj", "{E8FDD9C5-53B0-4A2B-863E-96EA2EFA4897}"
EndProject
Global
	GlobalSection(SolutionConfigurationPlatforms) = preSolution
		Debug|x64 = Debug|x64
		Release|x64 = Release|x64
	EndGlobalSection
	GlobalSection(ProjectConfigurationPlatforms) = postSolution
		{D218DA91-BCF5-4B11-879F-E48266371625}.Debug|x64.ActiveCfg = Debug|x64
		{D218DA91-BCF5-4B11-879F-E48266371625}.Debug|x64.Build.0 = Debug|x64
		{D218DA91-BCF5-4B11-879F-E48266371625}.Release|x64.ActiveCfg = Release|x64
		{D218DA91-BCF5-4B11-879F-E48266371625}.Release|x64.Build.0 = Release|x64
		{090AF0D3-7859-487C-A27B-5C0FD45817D1}.Debug|x64.ActiveCfg = Debug|x64
		{090AF0D3-7859-487C-A27B-5C0FD45817D1}.Debug|x64.Build.0 = Debug|x64
		{090AF0D3-7859-487C-A27B-5C0FD45817D1}.Release|x64.ActiveCfg = Release|x64
		{090AF0D3-7859-487C-A27B-5C0FD45817D1}.Release|x64.Build.0 = Release|x64
		{EE338365-8E41-41C2-861B-B202AFA379BE}.Debug|x64.ActiveCfg = Debug|x64
		{EE338365-8E41-41C2-861B-B202AFA379BE}.Debug|x64.Build.0 = Debug|x64
		{EE338365-8E41-41C2-861B-B202AFA379BE}.Release|x64.ActiveCfg = Release|x64
		{EE338365-8E41-41C2-861B-B202AFA379BE}.Release|x64.Build.0 = Release|x64
		{E8FDD9C5-53B0-4A2B-863E-96EA2EFA4897}.Debug|x64.ActiveCfg = Debug|x64
		{E8FDD9C5-53B0-4A2B-863E-96EA2EFA4897}.Debug|x64.Build.0 = Debug|x64
		{E8FDD9C5-53B0-4A2B-863E-96EA2EFA4897}.Release|x64.ActiveCfg = Release|x64
		{E8FDD9C5-53B0-4A2B-863E-96EA2EFA4897}.Release|x64.Build.0 = Release|x64
	EndGlobalSection
	GlobalSection(SolutionProperties) = preSolution
		HideSolutionNode = FALSE
	EndGlobalSection
	GlobalSection(ExtensibilityGlobals) = postSolution
		SolutionGuid = {699A05FA-A003-4583-9001-36278E17D935}
	EndGlobalSection
EndGlobal
