<?xml version="1.0" encoding="utf-8"?>
<Project ToolsVersion="4.0" xmlns="http://schemas.microsoft.com/developer/msbuild/2003">
  <ItemGroup>
    <Filter Include="kokoromi">
      <UniqueIdentifier>{9f551500-f66d-45d5-a6f2-ccfee6fd98ff}</UniqueIdentifier>
    </Filter>
  </ItemGroup>
  <ItemGroup>
    <ClCompile Include="Source\main.cpp" />
    <ClCompile Include="Source\kokoromi\Application.cpp">
      <Filter>kokoromi</Filter>
    </ClCompile>
    <ClCompile Include="Source\kokoromi\Renderer.cpp">
      <Filter>kokoromi</Filter>
    </ClCompile>
    <ClCompile Include="Source\kokoromi\Scene.cpp">
      <Filter>kokoromi</Filter>
    </ClCompile>
  </ItemGroup>
  <ItemGroup>
    <ClInclude Include="Source\kokoromi\Application.h">
      <Filter>kokoromi</Filter>
    </ClInclude>
    <ClInclude Include="Source\kokoromi\Renderer.h">
      <Filter>kokoromi</Filter>
    </ClInclude>
    <ClInclude Include="Source\kokoromi\Scene.h">
      <Filter>kokoromi</Filter>
    </ClInclude>
  </ItemGroup>
  <ItemGroup>
    <None Include="Directory.Build.props" />
  </ItemGroup>
</Project>